{
    "version": 3,
    "terraform_version": "0.7.13",
    "serial": 1,
    "lineage": "17f5bb21-ba93-4fa1-a120-ef028a004ae8",
    "modules": [
        {
            "path": [
                "root"
            ],
            "outputs": {
                "ip": {
                    "sensitive": false,
                    "type": "string",
                    "value": "52.14.48.128"
                },
                "ssh_keyname": {
                    "sensitive": false,
                    "type": "string",
                    "value": "terraform"
                }
            },
            "resources": {
                "aws_instance.app": {
                    "type": "aws_instance",
                    "depends_on": [
                        "aws_key_pair.deployer"
                    ],
                    "primary": {
                        "id": "i-0204be4ccba65678b",
                        "attributes": {
                            "ami": "ami-58277d3d",
                            "associate_public_ip_address": "true",
                            "availability_zone": "us-east-2a",
                            "disable_api_termination": "false",
                            "ebs_block_device.#": "0",
                            "ebs_optimized": "false",
                            "ephemeral_block_device.#": "0",
                            "iam_instance_profile": "",
                            "id": "i-0204be4ccba65678b",
                            "instance_state": "running",
                            "instance_type": "t2.micro",
                            "key_name": "terraform",
                            "monitoring": "false",
                            "network_interface_id": "eni-37587c5e",
                            "private_dns": "ip-172-31-0-37.us-east-2.compute.internal",
                            "private_ip": "172.31.0.37",
                            "public_dns": "ec2-52-14-48-128.us-east-2.compute.amazonaws.com",
                            "public_ip": "52.14.48.128",
                            "root_block_device.#": "1",
                            "root_block_device.0.delete_on_termination": "true",
                            "root_block_device.0.iops": "100",
                            "root_block_device.0.volume_size": "8",
                            "root_block_device.0.volume_type": "gp2",
                            "security_groups.#": "0",
                            "source_dest_check": "true",
                            "subnet_id": "subnet-e971a780",
                            "tags.%": "2",
                            "tags.Name": "iamdoingit.xyz",
                            "tags.sshUser": "ec2-user",
                            "tenancy": "default",
                            "vpc_security_group_ids.#": "1",
                            "vpc_security_group_ids.686158432": "sg-2946b440"
                        },
                        "meta": {
                            "schema_version": "1"
                        },
                        "tainted": false
                    },
                    "deposed": [],
                    "provider": ""
                },
                "aws_key_pair.deployer": {
                    "type": "aws_key_pair",
                    "depends_on": [],
                    "primary": {
                        "id": "terraform",
                        "attributes": {
                            "fingerprint": "27:bd:54:ad:4e:1c:fe:a1:77:00:5a:05:02:a9:5c:92",
                            "id": "terraform",
                            "key_name": "terraform",
                            "public_key": "ssh-rsa AAAAB3NzaC1yc2EAAAADAQABAAABAQDPFRm100fP6ENUwhvlgfWUhK7A75UUPZLculwafF2tYPw54OTS8i6ENBI0K9XrZRUEh/7x7rx9kx+mVFHCMd0XoVe77O4rAMLSzwUdvznClpe2sRs8kmBtO7l1FW/IK4zJYiyUmxnIcTAB3lg9GItu9xXd5O1aLTjSUu6paA1e9NKa5EA/nyMsLWz/E6Jp+tZHeDIZyqiyu1zich7hODT7kaX6ia5OMNrEsRz31FBmzhINsjcvgPu2dop82imWbWt33s12xmguzGEHaecp7/vrpw5HgcGF894I24b9eqkbLmdL2slZGh6cYfBxQqToti5BXM0VjOvCrp1GoRxCt949 ek@Ekkachais-MBP"
                        },
                        "meta": {
                            "schema_version": "1"
                        },
                        "tainted": false
                    },
                    "deposed": [],
                    "provider": ""
                },
                "cloudflare_record.non_www": {
                    "type": "cloudflare_record",
                    "depends_on": [
                        "aws_instance.app"
                    ],
                    "primary": {
                        "id": "5f88da87f82ddc87311f6bd5086a2d59",
                        "attributes": {
                            "domain": "iamdoingit.xyz",
                            "hostname": "iamdoingit.xyz",
                            "id": "5f88da87f82ddc87311f6bd5086a2d59",
                            "name": "iamdoingit.xyz",
                            "priority": "0",
                            "proxied": "true",
                            "ttl": "1",
                            "type": "CNAME",
                            "value": "ec2-52-14-48-128.us-east-2.compute.amazonaws.com",
                            "zone_id": "a52d98430a2441157f1339d4ef04b536"
                        },
                        "meta": {
                            "schema_version": "1"
                        },
                        "tainted": false
                    },
                    "deposed": [],
                    "provider": ""
                },
                "cloudflare_record.www": {
                    "type": "cloudflare_record",
                    "depends_on": [],
                    "primary": {
                        "id": "0155d0f8dbfae09b2000ed79e40d1401",
                        "attributes": {
                            "domain": "iamdoingit.xyz",
                            "hostname": "www.iamdoingit.xyz",
                            "id": "0155d0f8dbfae09b2000ed79e40d1401",
                            "name": "www",
                            "priority": "0",
                            "proxied": "true",
                            "ttl": "1",
                            "type": "CNAME",
                            "value": "iamdoingit.xyz",
                            "zone_id": "a52d98430a2441157f1339d4ef04b536"
                        },
                        "meta": {
                            "schema_version": "1"
                        },
                        "tainted": false
                    },
                    "deposed": [],
                    "provider": ""
                }
            },
            "depends_on": []
        }
    ]
}
